PODS:
  - Alamofire (4.7.1)
  - playkidsOnboardSdk (1.0.0):
    - Alamofire (~> 4.7.1)

DEPENDENCIES:
  - playkidsOnboardSdk (from `~/Documents/Github/playkids-onboarding`)

EXTERNAL SOURCES:
  playkidsOnboardSdk:
    :path: ~/Documents/Github/playkids-onboarding

SPEC CHECKSUMS:
  Alamofire: 68d7d521118d49c615a8d2214d87cdf525599d30
  playkidsOnboardSdk: 47321c02ea83e6514fe51156e508a245e2ad606d

PODFILE CHECKSUM: df2c3b4ed351536a3682e6c42f76f6535f71af4f

COCOAPODS: 1.4.0
