// !$*UTF8*$!
{
	archiveVersion = 1;
	classes = {
	};
	objectVersion = 50;
	objects = {

/* Begin PBXBuildFile section */
		C1E106C8207549B400DFC4B3 /* AppDelegate.swift in Sources */ = {isa = PBXBuildFile; fileRef = C1E106C7207549B400DFC4B3 /* AppDelegate.swift */; };
		C1E106CA207549B400DFC4B3 /* ViewController.swift in Sources */ = {isa = PBXBuildFile; fileRef = C1E106C9207549B400DFC4B3 /* ViewController.swift */; };
		C1E106CD207549B400DFC4B3 /* Main.storyboard in Resources */ = {isa = PBXBuildFile; fileRef = C1E106CB207549B400DFC4B3 /* Main.storyboard */; };
		C1E106CF207549B500DFC4B3 /* Assets.xcassets in Resources */ = {isa = PBXBuildFile; fileRef = C1E106CE207549B500DFC4B3 /* Assets.xcassets */; };
		C1E106D2207549B500DFC4B3 /* LaunchScreen.storyboard in Resources */ = {isa = PBXBuildFile; fileRef = C1E106D0207549B500DFC4B3 /* LaunchScreen.storyboard */; };
		C1E106DD207549B500DFC4B3 /* Playkids_Onboarding_AppTests.swift in Sources */ = {isa = PBXBuildFile; fileRef = C1E106DC207549B500DFC4B3 /* Playkids_Onboarding_AppTests.swift */; };
		C1E106E8207549B500DFC4B3 /* Playkids_Onboarding_AppUITests.swift in Sources */ = {isa = PBXBuildFile; fileRef = C1E106E7207549B500DFC4B3 /* Playkids_Onboarding_AppUITests.swift */; };
/* End PBXBuildFile section */

/* Begin PBXContainerItemProxy section */
		C1E106D9207549B500DFC4B3 /* PBXContainerItemProxy */ = {
			isa = PBXContainerItemProxy;
			containerPortal = C1E106BC207549B400DFC4B3 /* Project object */;
			proxyType = 1;
			remoteGlobalIDString = C1E106C3207549B400DFC4B3;
			remoteInfo = "Playkids Onboarding App";
		};
		C1E106E4207549B500DFC4B3 /* PBXContainerItemProxy */ = {
			isa = PBXContainerItemProxy;
			containerPortal = C1E106BC207549B400DFC4B3 /* Project object */;
			proxyType = 1;
			remoteGlobalIDString = C1E106C3207549B400DFC4B3;
			remoteInfo = "Playkids Onboarding App";
		};
/* End PBXContainerItemProxy section */

/* Begin PBXFileReference section */
		C1E106C4207549B400DFC4B3 /* Playkids Onboarding App.app */ = {isa = PBXFileReference; explicitFileType = wrapper.application; includeInIndex = 0; path = "Playkids Onboarding App.app"; sourceTree = BUILT_PRODUCTS_DIR; };
		C1E106C7207549B400DFC4B3 /* AppDelegate.swift */ = {isa = PBXFileReference; lastKnownFileType = sourcecode.swift; path = AppDelegate.swift; sourceTree = "<group>"; };
		C1E106C9207549B400DFC4B3 /* ViewController.swift */ = {isa = PBXFileReference; lastKnownFileType = sourcecode.swift; path = ViewController.swift; sourceTree = "<group>"; };
		C1E106CC207549B400DFC4B3 /* Base */ = {isa = PBXFileReference; lastKnownFileType = file.storyboard; name = Base; path = Base.lproj/Main.storyboard; sourceTree = "<group>"; };
		C1E106CE207549B500DFC4B3 /* Assets.xcassets */ = {isa = PBXFileReference; lastKnownFileType = folder.assetcatalog; path = Assets.xcassets; sourceTree = "<group>"; };
		C1E106D1207549B500DFC4B3 /* Base */ = {isa = PBXFileReference; lastKnownFileType = file.storyboard; name = Base; path = Base.lproj/LaunchScreen.storyboard; sourceTree = "<group>"; };
		C1E106D3207549B500DFC4B3 /* Info.plist */ = {isa = PBXFileReference; lastKnownFileType = text.plist.xml; path = Info.plist; sourceTree = "<group>"; };
		C1E106D8207549B500DFC4B3 /* Playkids Onboarding AppTests.xctest */ = {isa = PBXFileReference; explicitFileType = wrapper.cfbundle; includeInIndex = 0; path = "Playkids Onboarding AppTests.xctest"; sourceTree = BUILT_PRODUCTS_DIR; };
		C1E106DC207549B500DFC4B3 /* Playkids_Onboarding_AppTests.swift */ = {isa = PBXFileReference; lastKnownFileType = sourcecode.swift; path = Playkids_Onboarding_AppTests.swift; sourceTree = "<group>"; };
		C1E106DE207549B500DFC4B3 /* Info.plist */ = {isa = PBXFileReference; lastKnownFileType = text.plist.xml; path = Info.plist; sourceTree = "<group>"; };
		C1E106E3207549B500DFC4B3 /* Playkids Onboarding AppUITests.xctest */ = {isa = PBXFileReference; explicitFileType = wrapper.cfbundle; includeInIndex = 0; path = "Playkids Onboarding AppUITests.xctest"; sourceTree = BUILT_PRODUCTS_DIR; };
		C1E106E7207549B500DFC4B3 /* Playkids_Onboarding_AppUITests.swift */ = {isa = PBXFileReference; lastKnownFileType = sourcecode.swift; path = Playkids_Onboarding_AppUITests.swift; sourceTree = "<group>"; };
		C1E106E9207549B500DFC4B3 /* Info.plist */ = {isa = PBXFileReference; lastKnownFileType = text.plist.xml; path = Info.plist; sourceTree = "<group>"; };
/* End PBXFileReference section */

/* Begin PBXFrameworksBuildPhase section */
		C1E106C1207549B400DFC4B3 /* Frameworks */ = {
			isa = PBXFrameworksBuildPhase;
			buildActionMask = 2147483647;
			files = (
			);
			runOnlyForDeploymentPostprocessing = 0;
		};
		C1E106D5207549B500DFC4B3 /* Frameworks */ = {
			isa = PBXFrameworksBuildPhase;
			buildActionMask = 2147483647;
			files = (
			);
			runOnlyForDeploymentPostprocessing = 0;
		};
		C1E106E0207549B500DFC4B3 /* Frameworks */ = {
			isa = PBXFrameworksBuildPhase;
			buildActionMask = 2147483647;
			files = (
			);
			runOnlyForDeploymentPostprocessing = 0;
		};
/* End PBXFrameworksBuildPhase section */

/* Begin PBXGroup section */
		C1E106BB207549B400DFC4B3 = {
			isa = PBXGroup;
			children = (
				C1E106C6207549B400DFC4B3 /* Playkids Onboarding App */,
				C1E106DB207549B500DFC4B3 /* Playkids Onboarding AppTests */,
				C1E106E6207549B500DFC4B3 /* Playkids Onboarding AppUITests */,
				C1E106C5207549B400DFC4B3 /* Products */,
			);
			sourceTree = "<group>";
		};
		C1E106C5207549B400DFC4B3 /* Products */ = {
			isa = PBXGroup;
			children = (
				C1E106C4207549B400DFC4B3 /* Playkids Onboarding App.app */,
				C1E106D8207549B500DFC4B3 /* Playkids Onboarding AppTests.xctest */,
				C1E106E3207549B500DFC4B3 /* Playkids Onboarding AppUITests.xctest */,
			);
			name = Products;
			sourceTree = "<group>";
		};
		C1E106C6207549B400DFC4B3 /* Playkids Onboarding App */ = {
			isa = PBXGroup;
			children = (
				C1E106C7207549B400DFC4B3 /* AppDelegate.swift */,
				C1E106C9207549B400DFC4B3 /* ViewController.swift */,
				C1E106CB207549B400DFC4B3 /* Main.storyboard */,
				C1E106CE207549B500DFC4B3 /* Assets.xcassets */,
				C1E106D0207549B500DFC4B3 /* LaunchScreen.storyboard */,
				C1E106D3207549B500DFC4B3 /* Info.plist */,
			);
			path = "Playkids Onboarding App";
			sourceTree = "<group>";
		};
		C1E106DB207549B500DFC4B3 /* Playkids Onboarding AppTests */ = {
			isa = PBXGroup;
			children = (
				C1E106DC207549B500DFC4B3 /* Playkids_Onboarding_AppTests.swift */,
				C1E106DE207549B500DFC4B3 /* Info.plist */,
			);
			path = "Playkids Onboarding AppTests";
			sourceTree = "<group>";
		};
		C1E106E6207549B500DFC4B3 /* Playkids Onboarding AppUITests */ = {
			isa = PBXGroup;
			children = (
				C1E106E7207549B500DFC4B3 /* Playkids_Onboarding_AppUITests.swift */,
				C1E106E9207549B500DFC4B3 /* Info.plist */,
			);
			path = "Playkids Onboarding AppUITests";
			sourceTree = "<group>";
		};
/* End PBXGroup section */

/* Begin PBXNativeTarget section */
		C1E106C3207549B400DFC4B3 /* Playkids Onboarding App */ = {
			isa = PBXNativeTarget;
			buildConfigurationList = C1E106EC207549B500DFC4B3 /* Build configuration list for PBXNativeTarget "Playkids Onboarding App" */;
			buildPhases = (
				C1E106C0207549B400DFC4B3 /* Sources */,
				C1E106C1207549B400DFC4B3 /* Frameworks */,
				C1E106C2207549B400DFC4B3 /* Resources */,
			);
			buildRules = (
			);
			dependencies = (
			);
			name = "Playkids Onboarding App";
			productName = "Playkids Onboarding App";
			productReference = C1E106C4207549B400DFC4B3 /* Playkids Onboarding App.app */;
			productType = "com.apple.product-type.application";
		};
		C1E106D7207549B500DFC4B3 /* Playkids Onboarding AppTests */ = {
			isa = PBXNativeTarget;
			buildConfigurationList = C1E106EF207549B500DFC4B3 /* Build configuration list for PBXNativeTarget "Playkids Onboarding AppTests" */;
			buildPhases = (
				C1E106D4207549B500DFC4B3 /* Sources */,
				C1E106D5207549B500DFC4B3 /* Frameworks */,
				C1E106D6207549B500DFC4B3 /* Resources */,
			);
			buildRules = (
			);
			dependencies = (
				C1E106DA207549B500DFC4B3 /* PBXTargetDependency */,
			);
			name = "Playkids Onboarding AppTests";
			productName = "Playkids Onboarding AppTests";
			productReference = C1E106D8207549B500DFC4B3 /* Playkids Onboarding AppTests.xctest */;
			productType = "com.apple.product-type.bundle.unit-test";
		};
		C1E106E2207549B500DFC4B3 /* Playkids Onboarding AppUITests */ = {
			isa = PBXNativeTarget;
			buildConfigurationList = C1E106F2207549B500DFC4B3 /* Build configuration list for PBXNativeTarget "Playkids Onboarding AppUITests" */;
			buildPhases = (
				C1E106DF207549B500DFC4B3 /* Sources */,
				C1E106E0207549B500DFC4B3 /* Frameworks */,
				C1E106E1207549B500DFC4B3 /* Resources */,
			);
			buildRules = (
			);
			dependencies = (
				C1E106E5207549B500DFC4B3 /* PBXTargetDependency */,
			);
			name = "Playkids Onboarding AppUITests";
			productName = "Playkids Onboarding AppUITests";
			productReference = C1E106E3207549B500DFC4B3 /* Playkids Onboarding AppUITests.xctest */;
			productType = "com.apple.product-type.bundle.ui-testing";
		};
/* End PBXNativeTarget section */

/* Begin PBXProject section */
		C1E106BC207549B400DFC4B3 /* Project object */ = {
			isa = PBXProject;
			attributes = {
				LastSwiftUpdateCheck = 0930;
				LastUpgradeCheck = 0930;
				ORGANIZATIONNAME = "Matheus Castelo";
				TargetAttributes = {
					C1E106C3207549B400DFC4B3 = {
						CreatedOnToolsVersion = 9.3;
					};
					C1E106D7207549B500DFC4B3 = {
						CreatedOnToolsVersion = 9.3;
						TestTargetID = C1E106C3207549B400DFC4B3;
					};
					C1E106E2207549B500DFC4B3 = {
						CreatedOnToolsVersion = 9.3;
						TestTargetID = C1E106C3207549B400DFC4B3;
					};
				};
			};
			buildConfigurationList = C1E106BF207549B400DFC4B3 /* Build configuration list for PBXProject "Playkids Onboarding App" */;
			compatibilityVersion = "Xcode 9.3";
			developmentRegion = en;
			hasScannedForEncodings = 0;
			knownRegions = (
				en,
				Base,
			);
			mainGroup = C1E106BB207549B400DFC4B3;
			productRefGroup = C1E106C5207549B400DFC4B3 /* Products */;
			projectDirPath = "";
			projectRoot = "";
			targets = (
				C1E106C3207549B400DFC4B3 /* Playkids Onboarding App */,
				C1E106D7207549B500DFC4B3 /* Playkids Onboarding AppTests */,
				C1E106E2207549B500DFC4B3 /* Playkids Onboarding AppUITests */,
			);
		};
/* End PBXProject section */

/* Begin PBXResourcesBuildPhase section */
		C1E106C2207549B400DFC4B3 /* Resources */ = {
			isa = PBXResourcesBuildPhase;
			buildActionMask = 2147483647;
			files = (
				C1E106D2207549B500DFC4B3 /* LaunchScreen.storyboard in Resources */,
				C1E106CF207549B500DFC4B3 /* Assets.xcassets in Resources */,
				C1E106CD207549B400DFC4B3 /* Main.storyboard in Resources */,
			);
			runOnlyForDeploymentPostprocessing = 0;
		};
		C1E106D6207549B500DFC4B3 /* Resources */ = {
			isa = PBXResourcesBuildPhase;
			buildActionMask = 2147483647;
			files = (
			);
			runOnlyForDeploymentPostprocessing = 0;
		};
		C1E106E1207549B500DFC4B3 /* Resources */ = {
			isa = PBXResourcesBuildPhase;
			buildActionMask = 2147483647;
			files = (
			);
			runOnlyForDeploymentPostprocessing = 0;
		};
/* End PBXResourcesBuildPhase section */

/* Begin PBXSourcesBuildPhase section */
		C1E106C0207549B400DFC4B3 /* Sources */ = {
			isa = PBXSourcesBuildPhase;
			buildActionMask = 2147483647;
			files = (
				C1E106CA207549B400DFC4B3 /* ViewController.swift in Sources */,
				C1E106C8207549B400DFC4B3 /* AppDelegate.swift in Sources */,
			);
			runOnlyForDeploymentPostprocessing = 0;
		};
		C1E106D4207549B500DFC4B3 /* Sources */ = {
			isa = PBXSourcesBuildPhase;
			buildActionMask = 2147483647;
			files = (
				C1E106DD207549B500DFC4B3 /* Playkids_Onboarding_AppTests.swift in Sources */,
			);
			runOnlyForDeploymentPostprocessing = 0;
		};
		C1E106DF207549B500DFC4B3 /* Sources */ = {
			isa = PBXSourcesBuildPhase;
			buildActionMask = 2147483647;
			files = (
				C1E106E8207549B500DFC4B3 /* Playkids_Onboarding_AppUITests.swift in Sources */,
			);
			runOnlyForDeploymentPostprocessing = 0;
		};
/* End PBXSourcesBuildPhase section */

/* Begin PBXTargetDependency section */
		C1E106DA207549B500DFC4B3 /* PBXTargetDependency */ = {
			isa = PBXTargetDependency;
			target = C1E106C3207549B400DFC4B3 /* Playkids Onboarding App */;
			targetProxy = C1E106D9207549B500DFC4B3 /* PBXContainerItemProxy */;
		};
		C1E106E5207549B500DFC4B3 /* PBXTargetDependency */ = {
			isa = PBXTargetDependency;
			target = C1E106C3207549B400DFC4B3 /* Playkids Onboarding App */;
			targetProxy = C1E106E4207549B500DFC4B3 /* PBXContainerItemProxy */;
		};
/* End PBXTargetDependency section */

/* Begin PBXVariantGroup section */
		C1E106CB207549B400DFC4B3 /* Main.storyboard */ = {
			isa = PBXVariantGroup;
			children = (
				C1E106CC207549B400DFC4B3 /* Base */,
			);
			name = Main.storyboard;
			sourceTree = "<group>";
		};
		C1E106D0207549B500DFC4B3 /* LaunchScreen.storyboard */ = {
			isa = PBXVariantGroup;
			children = (
				C1E106D1207549B500DFC4B3 /* Base */,
			);
			name = LaunchScreen.storyboard;
			sourceTree = "<group>";
		};
/* End PBXVariantGroup section */

/* Begin XCBuildConfiguration section */
		C1E106EA207549B500DFC4B3 /* Debug */ = {
			isa = XCBuildConfiguration;
			buildSettings = {
				ALWAYS_SEARCH_USER_PATHS = NO;
				CLANG_ANALYZER_NONNULL = YES;
				CLANG_ANALYZER_NUMBER_OBJECT_CONVERSION = YES_AGGRESSIVE;
				CLANG_CXX_LANGUAGE_STANDARD = "gnu++14";
				CLANG_CXX_LIBRARY = "libc++";
				CLANG_ENABLE_MODULES = YES;
				CLANG_ENABLE_OBJC_ARC = YES;
				CLANG_ENABLE_OBJC_WEAK = YES;
				CLANG_WARN_BLOCK_CAPTURE_AUTORELEASING = YES;
				CLANG_WARN_BOOL_CONVERSION = YES;
				CLANG_WARN_COMMA = YES;
				CLANG_WARN_CONSTANT_CONVERSION = YES;
				CLANG_WARN_DEPRECATED_OBJC_IMPLEMENTATIONS = YES;
				CLANG_WARN_DIRECT_OBJC_ISA_USAGE = YES_ERROR;
				CLANG_WARN_DOCUMENTATION_COMMENTS = YES;
				CLANG_WARN_EMPTY_BODY = YES;
				CLANG_WARN_ENUM_CONVERSION = YES;
				CLANG_WARN_INFINITE_RECURSION = YES;
				CLANG_WARN_INT_CONVERSION = YES;
				CLANG_WARN_NON_LITERAL_NULL_CONVERSION = YES;
				CLANG_WARN_OBJC_IMPLICIT_RETAIN_SELF = YES;
				CLANG_WARN_OBJC_LITERAL_CONVERSION = YES;
				CLANG_WARN_OBJC_ROOT_CLASS = YES_ERROR;
				CLANG_WARN_RANGE_LOOP_ANALYSIS = YES;
				CLANG_WARN_STRICT_PROTOTYPES = YES;
				CLANG_WARN_SUSPICIOUS_MOVE = YES;
				CLANG_WARN_UNGUARDED_AVAILABILITY = YES_AGGRESSIVE;
				CLANG_WARN_UNREACHABLE_CODE = YES;
				CLANG_WARN__DUPLICATE_METHOD_MATCH = YES;
				CODE_SIGN_IDENTITY = "iPhone Developer";
				COPY_PHASE_STRIP = NO;
				DEBUG_INFORMATION_FORMAT = dwarf;
				ENABLE_STRICT_OBJC_MSGSEND = YES;
				ENABLE_TESTABILITY = YES;
				GCC_C_LANGUAGE_STANDARD = gnu11;
				GCC_DYNAMIC_NO_PIC = NO;
				GCC_NO_COMMON_BLOCKS = YES;
				GCC_OPTIMIZATION_LEVEL = 0;
				GCC_PREPROCESSOR_DEFINITIONS = (
					"DEBUG=1",
					"$(inherited)",
				);
				GCC_WARN_64_TO_32_BIT_CONVERSION = YES;
				GCC_WARN_ABOUT_RETURN_TYPE = YES_ERROR;
				GCC_WARN_UNDECLARED_SELECTOR = YES;
				GCC_WARN_UNINITIALIZED_AUTOS = YES_AGGRESSIVE;
				GCC_WARN_UNUSED_FUNCTION = YES;
				GCC_WARN_UNUSED_VARIABLE = YES;
				IPHONEOS_DEPLOYMENT_TARGET = 11.3;
				MTL_ENABLE_DEBUG_INFO = YES;
				ONLY_ACTIVE_ARCH = YES;
				SDKROOT = iphoneos;
				SWIFT_ACTIVE_COMPILATION_CONDITIONS = DEBUG;
				SWIFT_OPTIMIZATION_LEVEL = "-Onone";
			};
			name = Debug;
		};
		C1E106EB207549B500DFC4B3 /* Release */ = {
			isa = XCBuildConfiguration;
			buildSettings = {
				ALWAYS_SEARCH_USER_PATHS = NO;
				CLANG_ANALYZER_NONNULL = YES;
				CLANG_ANALYZER_NUMBER_OBJECT_CONVERSION = YES_AGGRESSIVE;
				CLANG_CXX_LANGUAGE_STANDARD = "gnu++14";
				CLANG_CXX_LIBRARY = "libc++";
				CLANG_ENABLE_MODULES = YES;
				CLANG_ENABLE_OBJC_ARC = YES;
				CLANG_ENABLE_OBJC_WEAK = YES;
				CLANG_WARN_BLOCK_CAPTURE_AUTORELEASING = YES;
				CLANG_WARN_BOOL_CONVERSION = YES;
				CLANG_WARN_COMMA = YES;
				CLANG_WARN_CONSTANT_CONVERSION = YES;
				CLANG_WARN_DEPRECATED_OBJC_IMPLEMENTATIONS = YES;
				CLANG_WARN_DIRECT_OBJC_ISA_USAGE = YES_ERROR;
				CLANG_WARN_DOCUMENTATION_COMMENTS = YES;
				CLANG_WARN_EMPTY_BODY = YES;
				CLANG_WARN_ENUM_CONVERSION = YES;
				CLANG_WARN_INFINITE_RECURSION = YES;
				CLANG_WARN_INT_CONVERSION = YES;
				CLANG_WARN_NON_LITERAL_NULL_CONVERSION = YES;
				CLANG_WARN_OBJC_IMPLICIT_RETAIN_SELF = YES;
				CLANG_WARN_OBJC_LITERAL_CONVERSION = YES;
				CLANG_WARN_OBJC_ROOT_CLASS = YES_ERROR;
				CLANG_WARN_RANGE_LOOP_ANALYSIS = YES;
				CLANG_WARN_STRICT_PROTOTYPES = YES;
				CLANG_WARN_SUSPICIOUS_MOVE = YES;
				CLANG_WARN_UNGUARDED_AVAILABILITY = YES_AGGRESSIVE;
				CLANG_WARN_UNREACHABLE_CODE = YES;
				CLANG_WARN__DUPLICATE_METHOD_MATCH = YES;
				CODE_SIGN_IDENTITY = "iPhone Developer";
				COPY_PHASE_STRIP = NO;
				DEBUG_INFORMATION_FORMAT = "dwarf-with-dsym";
				ENABLE_NS_ASSERTIONS = NO;
				ENABLE_STRICT_OBJC_MSGSEND = YES;
				GCC_C_LANGUAGE_STANDARD = gnu11;
				GCC_NO_COMMON_BLOCKS = YES;
				GCC_WARN_64_TO_32_BIT_CONVERSION = YES;
				GCC_WARN_ABOUT_RETURN_TYPE = YES_ERROR;
				GCC_WARN_UNDECLARED_SELECTOR = YES;
				GCC_WARN_UNINITIALIZED_AUTOS = YES_AGGRESSIVE;
				GCC_WARN_UNUSED_FUNCTION = YES;
				GCC_WARN_UNUSED_VARIABLE = YES;
				IPHONEOS_DEPLOYMENT_TARGET = 11.3;
				MTL_ENABLE_DEBUG_INFO = NO;
				SDKROOT = iphoneos;
				SWIFT_COMPILATION_MODE = wholemodule;
				SWIFT_OPTIMIZATION_LEVEL = "-O";
				VALIDATE_PRODUCT = YES;
			};
			name = Release;
		};
		C1E106ED207549B500DFC4B3 /* Debug */ = {
			isa = XCBuildConfiguration;
			buildSettings = {
				ASSETCATALOG_COMPILER_APPICON_NAME = AppIcon;
				CODE_SIGN_STYLE = Automatic;
				INFOPLIST_FILE = "Playkids Onboarding App/Info.plist";
				LD_RUNPATH_SEARCH_PATHS = (
					"$(inherited)",
					"@executable_path/Frameworks",
				);
				PRODUCT_BUNDLE_IDENTIFIER = "com.playkids.Playkids-Onboarding-App";
				PRODUCT_NAME = "$(TARGET_NAME)";
				SWIFT_VERSION = 4.0;
				TARGETED_DEVICE_FAMILY = "1,2";
			};
			name = Debug;
		};
		C1E106EE207549B500DFC4B3 /* Release */ = {
			isa = XCBuildConfiguration;
			buildSettings = {
				ASSETCATALOG_COMPILER_APPICON_NAME = AppIcon;
				CODE_SIGN_STYLE = Automatic;
				INFOPLIST_FILE = "Playkids Onboarding App/Info.plist";
				LD_RUNPATH_SEARCH_PATHS = (
					"$(inherited)",
					"@executable_path/Frameworks",
				);
				PRODUCT_BUNDLE_IDENTIFIER = "com.playkids.Playkids-Onboarding-App";
				PRODUCT_NAME = "$(TARGET_NAME)";
				SWIFT_VERSION = 4.0;
				TARGETED_DEVICE_FAMILY = "1,2";
			};
			name = Release;
		};
		C1E106F0207549B500DFC4B3 /* Debug */ = {
			isa = XCBuildConfiguration;
			buildSettings = {
				ALWAYS_EMBED_SWIFT_STANDARD_LIBRARIES = YES;
				BUNDLE_LOADER = "$(TEST_HOST)";
				CODE_SIGN_STYLE = Automatic;
				INFOPLIST_FILE = "Playkids Onboarding AppTests/Info.plist";
				LD_RUNPATH_SEARCH_PATHS = (
					"$(inherited)",
					"@executable_path/Frameworks",
					"@loader_path/Frameworks",
				);
				PRODUCT_BUNDLE_IDENTIFIER = "com.playkids.Playkids-Onboarding-AppTests";
				PRODUCT_NAME = "$(TARGET_NAME)";
				SWIFT_VERSION = 4.0;
				TARGETED_DEVICE_FAMILY = "1,2";
				TEST_HOST = "$(BUILT_PRODUCTS_DIR)/Playkids Onboarding App.app/Playkids Onboarding App";
			};
			name = Debug;
		};
		C1E106F1207549B500DFC4B3 /* Release */ = {
			isa = XCBuildConfiguration;
			buildSettings = {
				ALWAYS_EMBED_SWIFT_STANDARD_LIBRARIES = YES;
				BUNDLE_LOADER = "$(TEST_HOST)";
				CODE_SIGN_STYLE = Automatic;
				INFOPLIST_FILE = "Playkids Onboarding AppTests/Info.plist";
				LD_RUNPATH_SEARCH_PATHS = (
					"$(inherited)",
					"@executable_path/Frameworks",
					"@loader_path/Frameworks",
				);
				PRODUCT_BUNDLE_IDENTIFIER = "com.playkids.Playkids-Onboarding-AppTests";
				PRODUCT_NAME = "$(TARGET_NAME)";
				SWIFT_VERSION = 4.0;
				TARGETED_DEVICE_FAMILY = "1,2";
				TEST_HOST = "$(BUILT_PRODUCTS_DIR)/Playkids Onboarding App.app/Playkids Onboarding App";
			};
			name = Release;
		};
		C1E106F3207549B500DFC4B3 /* Debug */ = {
			isa = XCBuildConfiguration;
			buildSettings = {
				ALWAYS_EMBED_SWIFT_STANDARD_LIBRARIES = YES;
				CODE_SIGN_STYLE = Automatic;
				INFOPLIST_FILE = "Playkids Onboarding AppUITests/Info.plist";
				LD_RUNPATH_SEARCH_PATHS = (
					"$(inherited)",
					"@executable_path/Frameworks",
					"@loader_path/Frameworks",
				);
				PRODUCT_BUNDLE_IDENTIFIER = "com.playkids.Playkids-Onboarding-AppUITests";
				PRODUCT_NAME = "$(TARGET_NAME)";
				SWIFT_VERSION = 4.0;
				TARGETED_DEVICE_FAMILY = "1,2";
				TEST_TARGET_NAME = "Playkids Onboarding App";
			};
			name = Debug;
		};
		C1E106F4207549B500DFC4B3 /* Release */ = {
			isa = XCBuildConfiguration;
			buildSettings = {
				ALWAYS_EMBED_SWIFT_STANDARD_LIBRARIES = YES;
				CODE_SIGN_STYLE = Automatic;
				INFOPLIST_FILE = "Playkids Onboarding AppUITests/Info.plist";
				LD_RUNPATH_SEARCH_PATHS = (
					"$(inherited)",
					"@executable_path/Frameworks",
					"@loader_path/Frameworks",
				);
				PRODUCT_BUNDLE_IDENTIFIER = "com.playkids.Playkids-Onboarding-AppUITests";
				PRODUCT_NAME = "$(TARGET_NAME)";
				SWIFT_VERSION = 4.0;
				TARGETED_DEVICE_FAMILY = "1,2";
				TEST_TARGET_NAME = "Playkids Onboarding App";
			};
			name = Release;
		};
/* End XCBuildConfiguration section */

/* Begin XCConfigurationList section */
		C1E106BF207549B400DFC4B3 /* Build configuration list for PBXProject "Playkids Onboarding App" */ = {
			isa = XCConfigurationList;
			buildConfigurations = (
				C1E106EA207549B500DFC4B3 /* Debug */,
				C1E106EB207549B500DFC4B3 /* Release */,
			);
			defaultConfigurationIsVisible = 0;
			defaultConfigurationName = Release;
		};
		C1E106EC207549B500DFC4B3 /* Build configuration list for PBXNativeTarget "Playkids Onboarding App" */ = {
			isa = XCConfigurationList;
			buildConfigurations = (
				C1E106ED207549B500DFC4B3 /* Debug */,
				C1E106EE207549B500DFC4B3 /* Release */,
			);
			defaultConfigurationIsVisible = 0;
			defaultConfigurationName = Release;
		};
		C1E106EF207549B500DFC4B3 /* Build configuration list for PBXNativeTarget "Playkids Onboarding AppTests" */ = {
			isa = XCConfigurationList;
			buildConfigurations = (
				C1E106F0207549B500DFC4B3 /* Debug */,
				C1E106F1207549B500DFC4B3 /* Release */,
			);
			defaultConfigurationIsVisible = 0;
			defaultConfigurationName = Release;
		};
		C1E106F2207549B500DFC4B3 /* Build configuration list for PBXNativeTarget "Playkids Onboarding AppUITests" */ = {
			isa = XCConfigurationList;
			buildConfigurations = (
				C1E106F3207549B500DFC4B3 /* Debug */,
				C1E106F4207549B500DFC4B3 /* Release */,
			);
			defaultConfigurationIsVisible = 0;
			defaultConfigurationName = Release;
		};
/* End XCConfigurationList section */
	};
	rootObject = C1E106BC207549B400DFC4B3 /* Project object */;
}
